
Microsoft Visual Studio Solution File, Format Version 12.00
# Visual Studio 2013
VisualStudioVersion = 12.0.31101.0
MinimumVisualStudioVersion = 10.0.40219.1
Project("{8BC9CEB8-8B4A-11D0-8D11-00A0C91BC942}") = "Cerberus", "Cerberus\Cerberus.vcxproj", "{36E80B90-6663-4CB6-ABF5-A32A330B0161}"
EndProject
Global
	GlobalSection(SolutionConfigurationPlatforms) = preSolution
		Debug|Win32 = Debug|Win32
		Release|Win32 = Release|Win32
	EndGlobalSection
	GlobalSection(ProjectConfigurationPlatforms) = postSolution
		{36E80B90-6663-4CB6-ABF5-A32A330B0161}.Debug|Win32.ActiveCfg = Debug|Win32
		{36E80B90-6663-4CB6-ABF5-A32A330B0161}.Debug|Win32.Build.0 = Debug|Win32
		{36E80B90-6663-4CB6-ABF5-A32A330B0161}.Release|Win32.ActiveCfg = Release|Win32
		{36E80B90-6663-4CB6-ABF5-A32A330B0161}.Release|Win32.Build.0 = Release|Win32
	EndGlobalSection
	GlobalSection(SolutionProperties) = preSolution
		HideSolutionNode = FALSE
	EndGlobalSection
EndGlobal
